
Microsoft Visual Studio Solution File, Format Version 12.00
# Visual Studio 15
VisualStudioVersion = 15.0.27130.2027
MinimumVisualStudioVersion = 10.0.40219.1
Project("{FAE04EC0-301F-11D3-BF4B-00C04F79EFBC}") = "Isracard.GithubService.Models", "Isracard.GithubService.Models\Isracard.GithubService.Models.csproj", "{01191F95-0E7C-4D54-95FF-227F07C737DD}"
EndProject
Project("{FAE04EC0-301F-11D3-BF4B-00C04F79EFBC}") = "Isracard.GithubService.Api", "Isracard.GithubService.Api\Isracard.GithubService.Api.csproj", "{6D619988-1EBC-4B39-8963-F62EB21F17F5}"
EndProject
Global
	GlobalSection(SolutionConfigurationPlatforms) = preSolution
		Debug|Any CPU = Debug|Any CPU
		Release|Any CPU = Release|Any CPU
	EndGlobalSection
	GlobalSection(ProjectConfigurationPlatforms) = postSolution
		{01191F95-0E7C-4D54-95FF-227F07C737DD}.Debug|Any CPU.ActiveCfg = Debug|Any CPU
		{01191F95-0E7C-4D54-95FF-227F07C737DD}.Debug|Any CPU.Build.0 = Debug|Any CPU
		{01191F95-0E7C-4D54-95FF-227F07C737DD}.Release|Any CPU.ActiveCfg = Release|Any CPU
		{01191F95-0E7C-4D54-95FF-227F07C737DD}.Release|Any CPU.Build.0 = Release|Any CPU
		{6D619988-1EBC-4B39-8963-F62EB21F17F5}.Debug|Any CPU.ActiveCfg = Debug|Any CPU
		{6D619988-1EBC-4B39-8963-F62EB21F17F5}.Debug|Any CPU.Build.0 = Debug|Any CPU
		{6D619988-1EBC-4B39-8963-F62EB21F17F5}.Release|Any CPU.ActiveCfg = Release|Any CPU
		{6D619988-1EBC-4B39-8963-F62EB21F17F5}.Release|Any CPU.Build.0 = Release|Any CPU
	EndGlobalSection
	GlobalSection(SolutionProperties) = preSolution
		HideSolutionNode = FALSE
	EndGlobalSection
	GlobalSection(ExtensibilityGlobals) = postSolution
		SolutionGuid = {60A90BAD-4CCC-425E-A4F8-F6CFA1AB2212}
	EndGlobalSection
EndGlobal
